// !$*UTF8*$!
{
	archiveVersion = 1;
	classes = {
	};
	objectVersion = 48;
	objects = {

/* Begin PBXBuildFile section */
		A1C3DBD7206AE45A00CC213C /* AppDelegate.swift in Sources */ = {isa = PBXBuildFile; fileRef = A1C3DBD6206AE45A00CC213C /* AppDelegate.swift */; };
		A1C3DBD9206AE45A00CC213C /* ViewController.swift in Sources */ = {isa = PBXBuildFile; fileRef = A1C3DBD8206AE45A00CC213C /* ViewController.swift */; };
		A1C3DBDC206AE45A00CC213C /* Main.storyboard in Resources */ = {isa = PBXBuildFile; fileRef = A1C3DBDA206AE45A00CC213C /* Main.storyboard */; };
		A1C3DBDE206AE45A00CC213C /* Assets.xcassets in Resources */ = {isa = PBXBuildFile; fileRef = A1C3DBDD206AE45A00CC213C /* Assets.xcassets */; };
		A1C3DBE1206AE45A00CC213C /* LaunchScreen.storyboard in Resources */ = {isa = PBXBuildFile; fileRef = A1C3DBDF206AE45A00CC213C /* LaunchScreen.storyboard */; };
		A1C3DBEC206AE45A00CC213C /* PriceTrackerTests.swift in Sources */ = {isa = PBXBuildFile; fileRef = A1C3DBEB206AE45A00CC213C /* PriceTrackerTests.swift */; };
		A1C3DBF7206AE45A00CC213C /* PriceTrackerUITests.swift in Sources */ = {isa = PBXBuildFile; fileRef = A1C3DBF6206AE45A00CC213C /* PriceTrackerUITests.swift */; };
/* End PBXBuildFile section */

/* Begin PBXContainerItemProxy section */
		A1C3DBE8206AE45A00CC213C /* PBXContainerItemProxy */ = {
			isa = PBXContainerItemProxy;
			containerPortal = A1C3DBCB206AE45A00CC213C /* Project object */;
			proxyType = 1;
			remoteGlobalIDString = A1C3DBD2206AE45A00CC213C;
			remoteInfo = PriceTracker;
		};
		A1C3DBF3206AE45A00CC213C /* PBXContainerItemProxy */ = {
			isa = PBXContainerItemProxy;
			containerPortal = A1C3DBCB206AE45A00CC213C /* Project object */;
			proxyType = 1;
			remoteGlobalIDString = A1C3DBD2206AE45A00CC213C;
			remoteInfo = PriceTracker;
		};
/* End PBXContainerItemProxy section */

/* Begin PBXFileReference section */
		A1C3DBD3206AE45A00CC213C /* PriceTracker.app */ = {isa = PBXFileReference; explicitFileType = wrapper.application; includeInIndex = 0; path = PriceTracker.app; sourceTree = BUILT_PRODUCTS_DIR; };
		A1C3DBD6206AE45A00CC213C /* AppDelegate.swift */ = {isa = PBXFileReference; lastKnownFileType = sourcecode.swift; path = AppDelegate.swift; sourceTree = "<group>"; };
		A1C3DBD8206AE45A00CC213C /* ViewController.swift */ = {isa = PBXFileReference; lastKnownFileType = sourcecode.swift; path = ViewController.swift; sourceTree = "<group>"; };
		A1C3DBDB206AE45A00CC213C /* Base */ = {isa = PBXFileReference; lastKnownFileType = file.storyboard; name = Base; path = Base.lproj/Main.storyboard; sourceTree = "<group>"; };
		A1C3DBDD206AE45A00CC213C /* Assets.xcassets */ = {isa = PBXFileReference; lastKnownFileType = folder.assetcatalog; path = Assets.xcassets; sourceTree = "<group>"; };
		A1C3DBE0206AE45A00CC213C /* Base */ = {isa = PBXFileReference; lastKnownFileType = file.storyboard; name = Base; path = Base.lproj/LaunchScreen.storyboard; sourceTree = "<group>"; };
		A1C3DBE2206AE45A00CC213C /* Info.plist */ = {isa = PBXFileReference; lastKnownFileType = text.plist.xml; path = Info.plist; sourceTree = "<group>"; };
		A1C3DBE7206AE45A00CC213C /* PriceTrackerTests.xctest */ = {isa = PBXFileReference; explicitFileType = wrapper.cfbundle; includeInIndex = 0; path = PriceTrackerTests.xctest; sourceTree = BUILT_PRODUCTS_DIR; };
		A1C3DBEB206AE45A00CC213C /* PriceTrackerTests.swift */ = {isa = PBXFileReference; lastKnownFileType = sourcecode.swift; path = PriceTrackerTests.swift; sourceTree = "<group>"; };
		A1C3DBED206AE45A00CC213C /* Info.plist */ = {isa = PBXFileReference; lastKnownFileType = text.plist.xml; path = Info.plist; sourceTree = "<group>"; };
		A1C3DBF2206AE45A00CC213C /* PriceTrackerUITests.xctest */ = {isa = PBXFileReference; explicitFileType = wrapper.cfbundle; includeInIndex = 0; path = PriceTrackerUITests.xctest; sourceTree = BUILT_PRODUCTS_DIR; };
		A1C3DBF6206AE45A00CC213C /* PriceTrackerUITests.swift */ = {isa = PBXFileReference; lastKnownFileType = sourcecode.swift; path = PriceTrackerUITests.swift; sourceTree = "<group>"; };
		A1C3DBF8206AE45B00CC213C /* Info.plist */ = {isa = PBXFileReference; lastKnownFileType = text.plist.xml; path = Info.plist; sourceTree = "<group>"; };
/* End PBXFileReference section */

/* Begin PBXFrameworksBuildPhase section */
		A1C3DBD0206AE45A00CC213C /* Frameworks */ = {
			isa = PBXFrameworksBuildPhase;
			buildActionMask = 2147483647;
			files = (
			);
			runOnlyForDeploymentPostprocessing = 0;
		};
		A1C3DBE4206AE45A00CC213C /* Frameworks */ = {
			isa = PBXFrameworksBuildPhase;
			buildActionMask = 2147483647;
			files = (
			);
			runOnlyForDeploymentPostprocessing = 0;
		};
		A1C3DBEF206AE45A00CC213C /* Frameworks */ = {
			isa = PBXFrameworksBuildPhase;
			buildActionMask = 2147483647;
			files = (
			);
			runOnlyForDeploymentPostprocessing = 0;
		};
/* End PBXFrameworksBuildPhase section */

/* Begin PBXGroup section */
		A1C3DBCA206AE45A00CC213C = {
			isa = PBXGroup;
			children = (
				A1C3DBD5206AE45A00CC213C /* PriceTracker */,
				A1C3DBEA206AE45A00CC213C /* PriceTrackerTests */,
				A1C3DBF5206AE45A00CC213C /* PriceTrackerUITests */,
				A1C3DBD4206AE45A00CC213C /* Products */,
			);
			sourceTree = "<group>";
		};
		A1C3DBD4206AE45A00CC213C /* Products */ = {
			isa = PBXGroup;
			children = (
				A1C3DBD3206AE45A00CC213C /* PriceTracker.app */,
				A1C3DBE7206AE45A00CC213C /* PriceTrackerTests.xctest */,
				A1C3DBF2206AE45A00CC213C /* PriceTrackerUITests.xctest */,
			);
			name = Products;
			sourceTree = "<group>";
		};
		A1C3DBD5206AE45A00CC213C /* PriceTracker */ = {
			isa = PBXGroup;
			children = (
				A1C3DBD6206AE45A00CC213C /* AppDelegate.swift */,
				A1C3DBD8206AE45A00CC213C /* ViewController.swift */,
				A1C3DBDA206AE45A00CC213C /* Main.storyboard */,
				A1C3DBDD206AE45A00CC213C /* Assets.xcassets */,
				A1C3DBDF206AE45A00CC213C /* LaunchScreen.storyboard */,
				A1C3DBE2206AE45A00CC213C /* Info.plist */,
			);
			path = PriceTracker;
			sourceTree = "<group>";
		};
		A1C3DBEA206AE45A00CC213C /* PriceTrackerTests */ = {
			isa = PBXGroup;
			children = (
				A1C3DBEB206AE45A00CC213C /* PriceTrackerTests.swift */,
				A1C3DBED206AE45A00CC213C /* Info.plist */,
			);
			path = PriceTrackerTests;
			sourceTree = "<group>";
		};
		A1C3DBF5206AE45A00CC213C /* PriceTrackerUITests */ = {
			isa = PBXGroup;
			children = (
				A1C3DBF6206AE45A00CC213C /* PriceTrackerUITests.swift */,
				A1C3DBF8206AE45B00CC213C /* Info.plist */,
			);
			path = PriceTrackerUITests;
			sourceTree = "<group>";
		};
/* End PBXGroup section */

/* Begin PBXNativeTarget section */
		A1C3DBD2206AE45A00CC213C /* PriceTracker */ = {
			isa = PBXNativeTarget;
			buildConfigurationList = A1C3DBFB206AE45B00CC213C /* Build configuration list for PBXNativeTarget "PriceTracker" */;
			buildPhases = (
				A1C3DBCF206AE45A00CC213C /* Sources */,
				A1C3DBD0206AE45A00CC213C /* Frameworks */,
				A1C3DBD1206AE45A00CC213C /* Resources */,
			);
			buildRules = (
			);
			dependencies = (
			);
			name = PriceTracker;
			productName = PriceTracker;
			productReference = A1C3DBD3206AE45A00CC213C /* PriceTracker.app */;
			productType = "com.apple.product-type.application";
		};
		A1C3DBE6206AE45A00CC213C /* PriceTrackerTests */ = {
			isa = PBXNativeTarget;
			buildConfigurationList = A1C3DBFE206AE45B00CC213C /* Build configuration list for PBXNativeTarget "PriceTrackerTests" */;
			buildPhases = (
				A1C3DBE3206AE45A00CC213C /* Sources */,
				A1C3DBE4206AE45A00CC213C /* Frameworks */,
				A1C3DBE5206AE45A00CC213C /* Resources */,
			);
			buildRules = (
			);
			dependencies = (
				A1C3DBE9206AE45A00CC213C /* PBXTargetDependency */,
			);
			name = PriceTrackerTests;
			productName = PriceTrackerTests;
			productReference = A1C3DBE7206AE45A00CC213C /* PriceTrackerTests.xctest */;
			productType = "com.apple.product-type.bundle.unit-test";
		};
		A1C3DBF1206AE45A00CC213C /* PriceTrackerUITests */ = {
			isa = PBXNativeTarget;
			buildConfigurationList = A1C3DC01206AE45B00CC213C /* Build configuration list for PBXNativeTarget "PriceTrackerUITests" */;
			buildPhases = (
				A1C3DBEE206AE45A00CC213C /* Sources */,
				A1C3DBEF206AE45A00CC213C /* Frameworks */,
				A1C3DBF0206AE45A00CC213C /* Resources */,
			);
			buildRules = (
			);
			dependencies = (
				A1C3DBF4206AE45A00CC213C /* PBXTargetDependency */,
			);
			name = PriceTrackerUITests;
			productName = PriceTrackerUITests;
			productReference = A1C3DBF2206AE45A00CC213C /* PriceTrackerUITests.xctest */;
			productType = "com.apple.product-type.bundle.ui-testing";
		};
/* End PBXNativeTarget section */

/* Begin PBXProject section */
		A1C3DBCB206AE45A00CC213C /* Project object */ = {
			isa = PBXProject;
			attributes = {
				LastSwiftUpdateCheck = 0920;
				LastUpgradeCheck = 0920;
				ORGANIZATIONNAME = MAE;
				TargetAttributes = {
					A1C3DBD2206AE45A00CC213C = {
						CreatedOnToolsVersion = 9.2;
						ProvisioningStyle = Automatic;
					};
					A1C3DBE6206AE45A00CC213C = {
						CreatedOnToolsVersion = 9.2;
						ProvisioningStyle = Automatic;
						TestTargetID = A1C3DBD2206AE45A00CC213C;
					};
					A1C3DBF1206AE45A00CC213C = {
						CreatedOnToolsVersion = 9.2;
						ProvisioningStyle = Automatic;
						TestTargetID = A1C3DBD2206AE45A00CC213C;
					};
				};
			};
			buildConfigurationList = A1C3DBCE206AE45A00CC213C /* Build configuration list for PBXProject "PriceTracker" */;
			compatibilityVersion = "Xcode 8.0";
			developmentRegion = en;
			hasScannedForEncodings = 0;
			knownRegions = (
				en,
				Base,
			);
			mainGroup = A1C3DBCA206AE45A00CC213C;
			productRefGroup = A1C3DBD4206AE45A00CC213C /* Products */;
			projectDirPath = "";
			projectRoot = "";
			targets = (
				A1C3DBD2206AE45A00CC213C /* PriceTracker */,
				A1C3DBE6206AE45A00CC213C /* PriceTrackerTests */,
				A1C3DBF1206AE45A00CC213C /* PriceTrackerUITests */,
			);
		};
/* End PBXProject section */

/* Begin PBXResourcesBuildPhase section */
		A1C3DBD1206AE45A00CC213C /* Resources */ = {
			isa = PBXResourcesBuildPhase;
			buildActionMask = 2147483647;
			files = (
				A1C3DBE1206AE45A00CC213C /* LaunchScreen.storyboard in Resources */,
				A1C3DBDE206AE45A00CC213C /* Assets.xcassets in Resources */,
				A1C3DBDC206AE45A00CC213C /* Main.storyboard in Resources */,
			);
			runOnlyForDeploymentPostprocessing = 0;
		};
		A1C3DBE5206AE45A00CC213C /* Resources */ = {
			isa = PBXResourcesBuildPhase;
			buildActionMask = 2147483647;
			files = (
			);
			runOnlyForDeploymentPostprocessing = 0;
		};
		A1C3DBF0206AE45A00CC213C /* Resources */ = {
			isa = PBXResourcesBuildPhase;
			buildActionMask = 2147483647;
			files = (
			);
			runOnlyForDeploymentPostprocessing = 0;
		};
/* End PBXResourcesBuildPhase section */

/* Begin PBXSourcesBuildPhase section */
		A1C3DBCF206AE45A00CC213C /* Sources */ = {
			isa = PBXSourcesBuildPhase;
			buildActionMask = 2147483647;
			files = (
				A1C3DBD9206AE45A00CC213C /* ViewController.swift in Sources */,
				A1C3DBD7206AE45A00CC213C /* AppDelegate.swift in Sources */,
			);
			runOnlyForDeploymentPostprocessing = 0;
		};
		A1C3DBE3206AE45A00CC213C /* Sources */ = {
			isa = PBXSourcesBuildPhase;
			buildActionMask = 2147483647;
			files = (
				A1C3DBEC206AE45A00CC213C /* PriceTrackerTests.swift in Sources */,
			);
			runOnlyForDeploymentPostprocessing = 0;
		};
		A1C3DBEE206AE45A00CC213C /* Sources */ = {
			isa = PBXSourcesBuildPhase;
			buildActionMask = 2147483647;
			files = (
				A1C3DBF7206AE45A00CC213C /* PriceTrackerUITests.swift in Sources */,
			);
			runOnlyForDeploymentPostprocessing = 0;
		};
/* End PBXSourcesBuildPhase section */

/* Begin PBXTargetDependency section */
		A1C3DBE9206AE45A00CC213C /* PBXTargetDependency */ = {
			isa = PBXTargetDependency;
			target = A1C3DBD2206AE45A00CC213C /* PriceTracker */;
			targetProxy = A1C3DBE8206AE45A00CC213C /* PBXContainerItemProxy */;
		};
		A1C3DBF4206AE45A00CC213C /* PBXTargetDependency */ = {
			isa = PBXTargetDependency;
			target = A1C3DBD2206AE45A00CC213C /* PriceTracker */;
			targetProxy = A1C3DBF3206AE45A00CC213C /* PBXContainerItemProxy */;
		};
/* End PBXTargetDependency section */

/* Begin PBXVariantGroup section */
		A1C3DBDA206AE45A00CC213C /* Main.storyboard */ = {
			isa = PBXVariantGroup;
			children = (
				A1C3DBDB206AE45A00CC213C /* Base */,
			);
			name = Main.storyboard;
			sourceTree = "<group>";
		};
		A1C3DBDF206AE45A00CC213C /* LaunchScreen.storyboard */ = {
			isa = PBXVariantGroup;
			children = (
				A1C3DBE0206AE45A00CC213C /* Base */,
			);
			name = LaunchScreen.storyboard;
			sourceTree = "<group>";
		};
/* End PBXVariantGroup section */

/* Begin XCBuildConfiguration section */
		A1C3DBF9206AE45B00CC213C /* Debug */ = {
			isa = XCBuildConfiguration;
			buildSettings = {
				ALWAYS_SEARCH_USER_PATHS = NO;
				CLANG_ANALYZER_NONNULL = YES;
				CLANG_ANALYZER_NUMBER_OBJECT_CONVERSION = YES_AGGRESSIVE;
				CLANG_CXX_LANGUAGE_STANDARD = "gnu++14";
				CLANG_CXX_LIBRARY = "libc++";
				CLANG_ENABLE_MODULES = YES;
				CLANG_ENABLE_OBJC_ARC = YES;
				CLANG_WARN_BLOCK_CAPTURE_AUTORELEASING = YES;
				CLANG_WARN_BOOL_CONVERSION = YES;
				CLANG_WARN_COMMA = YES;
				CLANG_WARN_CONSTANT_CONVERSION = YES;
				CLANG_WARN_DIRECT_OBJC_ISA_USAGE = YES_ERROR;
				CLANG_WARN_DOCUMENTATION_COMMENTS = YES;
				CLANG_WARN_EMPTY_BODY = YES;
				CLANG_WARN_ENUM_CONVERSION = YES;
				CLANG_WARN_INFINITE_RECURSION = YES;
				CLANG_WARN_INT_CONVERSION = YES;
				CLANG_WARN_NON_LITERAL_NULL_CONVERSION = YES;
				CLANG_WARN_OBJC_LITERAL_CONVERSION = YES;
				CLANG_WARN_OBJC_ROOT_CLASS = YES_ERROR;
				CLANG_WARN_RANGE_LOOP_ANALYSIS = YES;
				CLANG_WARN_STRICT_PROTOTYPES = YES;
				CLANG_WARN_SUSPICIOUS_MOVE = YES;
				CLANG_WARN_UNGUARDED_AVAILABILITY = YES_AGGRESSIVE;
				CLANG_WARN_UNREACHABLE_CODE = YES;
				CLANG_WARN__DUPLICATE_METHOD_MATCH = YES;
				CODE_SIGN_IDENTITY = "iPhone Developer";
				COPY_PHASE_STRIP = NO;
				DEBUG_INFORMATION_FORMAT = dwarf;
				ENABLE_STRICT_OBJC_MSGSEND = YES;
				ENABLE_TESTABILITY = YES;
				GCC_C_LANGUAGE_STANDARD = gnu11;
				GCC_DYNAMIC_NO_PIC = NO;
				GCC_NO_COMMON_BLOCKS = YES;
				GCC_OPTIMIZATION_LEVEL = 0;
				GCC_PREPROCESSOR_DEFINITIONS = (
					"DEBUG=1",
					"$(inherited)",
				);
				GCC_WARN_64_TO_32_BIT_CONVERSION = YES;
				GCC_WARN_ABOUT_RETURN_TYPE = YES_ERROR;
				GCC_WARN_UNDECLARED_SELECTOR = YES;
				GCC_WARN_UNINITIALIZED_AUTOS = YES_AGGRESSIVE;
				GCC_WARN_UNUSED_FUNCTION = YES;
				GCC_WARN_UNUSED_VARIABLE = YES;
				IPHONEOS_DEPLOYMENT_TARGET = 11.2;
				MTL_ENABLE_DEBUG_INFO = YES;
				ONLY_ACTIVE_ARCH = YES;
				SDKROOT = iphoneos;
				SWIFT_ACTIVE_COMPILATION_CONDITIONS = DEBUG;
				SWIFT_OPTIMIZATION_LEVEL = "-Onone";
			};
			name = Debug;
		};
		A1C3DBFA206AE45B00CC213C /* Release */ = {
			isa = XCBuildConfiguration;
			buildSettings = {
				ALWAYS_SEARCH_USER_PATHS = NO;
				CLANG_ANALYZER_NONNULL = YES;
				CLANG_ANALYZER_NUMBER_OBJECT_CONVERSION = YES_AGGRESSIVE;
				CLANG_CXX_LANGUAGE_STANDARD = "gnu++14";
				CLANG_CXX_LIBRARY = "libc++";
				CLANG_ENABLE_MODULES = YES;
				CLANG_ENABLE_OBJC_ARC = YES;
				CLANG_WARN_BLOCK_CAPTURE_AUTORELEASING = YES;
				CLANG_WARN_BOOL_CONVERSION = YES;
				CLANG_WARN_COMMA = YES;
				CLANG_WARN_CONSTANT_CONVERSION = YES;
				CLANG_WARN_DIRECT_OBJC_ISA_USAGE = YES_ERROR;
				CLANG_WARN_DOCUMENTATION_COMMENTS = YES;
				CLANG_WARN_EMPTY_BODY = YES;
				CLANG_WARN_ENUM_CONVERSION = YES;
				CLANG_WARN_INFINITE_RECURSION = YES;
				CLANG_WARN_INT_CONVERSION = YES;
				CLANG_WARN_NON_LITERAL_NULL_CONVERSION = YES;
				CLANG_WARN_OBJC_LITERAL_CONVERSION = YES;
				CLANG_WARN_OBJC_ROOT_CLASS = YES_ERROR;
				CLANG_WARN_RANGE_LOOP_ANALYSIS = YES;
				CLANG_WARN_STRICT_PROTOTYPES = YES;
				CLANG_WARN_SUSPICIOUS_MOVE = YES;
				CLANG_WARN_UNGUARDED_AVAILABILITY = YES_AGGRESSIVE;
				CLANG_WARN_UNREACHABLE_CODE = YES;
				CLANG_WARN__DUPLICATE_METHOD_MATCH = YES;
				CODE_SIGN_IDENTITY = "iPhone Developer";
				COPY_PHASE_STRIP = NO;
				DEBUG_INFORMATION_FORMAT = "dwarf-with-dsym";
				ENABLE_NS_ASSERTIONS = NO;
				ENABLE_STRICT_OBJC_MSGSEND = YES;
				GCC_C_LANGUAGE_STANDARD = gnu11;
				GCC_NO_COMMON_BLOCKS = YES;
				GCC_WARN_64_TO_32_BIT_CONVERSION = YES;
				GCC_WARN_ABOUT_RETURN_TYPE = YES_ERROR;
				GCC_WARN_UNDECLARED_SELECTOR = YES;
				GCC_WARN_UNINITIALIZED_AUTOS = YES_AGGRESSIVE;
				GCC_WARN_UNUSED_FUNCTION = YES;
				GCC_WARN_UNUSED_VARIABLE = YES;
				IPHONEOS_DEPLOYMENT_TARGET = 11.2;
				MTL_ENABLE_DEBUG_INFO = NO;
				SDKROOT = iphoneos;
				SWIFT_OPTIMIZATION_LEVEL = "-Owholemodule";
				VALIDATE_PRODUCT = YES;
			};
			name = Release;
		};
		A1C3DBFC206AE45B00CC213C /* Debug */ = {
			isa = XCBuildConfiguration;
			buildSettings = {
				ASSETCATALOG_COMPILER_APPICON_NAME = AppIcon;
				CODE_SIGN_STYLE = Automatic;
				INFOPLIST_FILE = PriceTracker/Info.plist;
				LD_RUNPATH_SEARCH_PATHS = "$(inherited) @executable_path/Frameworks";
				PRODUCT_BUNDLE_IDENTIFIER = "Emily-Hill.PriceTracker";
				PRODUCT_NAME = "$(TARGET_NAME)";
				SWIFT_VERSION = 4.0;
				TARGETED_DEVICE_FAMILY = "1,2";
			};
			name = Debug;
		};
		A1C3DBFD206AE45B00CC213C /* Release */ = {
			isa = XCBuildConfiguration;
			buildSettings = {
				ASSETCATALOG_COMPILER_APPICON_NAME = AppIcon;
				CODE_SIGN_STYLE = Automatic;
				INFOPLIST_FILE = PriceTracker/Info.plist;
				LD_RUNPATH_SEARCH_PATHS = "$(inherited) @executable_path/Frameworks";
				PRODUCT_BUNDLE_IDENTIFIER = "Emily-Hill.PriceTracker";
				PRODUCT_NAME = "$(TARGET_NAME)";
				SWIFT_VERSION = 4.0;
				TARGETED_DEVICE_FAMILY = "1,2";
			};
			name = Release;
		};
		A1C3DBFF206AE45B00CC213C /* Debug */ = {
			isa = XCBuildConfiguration;
			buildSettings = {
				ALWAYS_EMBED_SWIFT_STANDARD_LIBRARIES = YES;
				BUNDLE_LOADER = "$(TEST_HOST)";
				CODE_SIGN_STYLE = Automatic;
				INFOPLIST_FILE = PriceTrackerTests/Info.plist;
				LD_RUNPATH_SEARCH_PATHS = "$(inherited) @executable_path/Frameworks @loader_path/Frameworks";
				PRODUCT_BUNDLE_IDENTIFIER = "Emily-Hill.PriceTrackerTests";
				PRODUCT_NAME = "$(TARGET_NAME)";
				SWIFT_VERSION = 4.0;
				TARGETED_DEVICE_FAMILY = "1,2";
				TEST_HOST = "$(BUILT_PRODUCTS_DIR)/PriceTracker.app/PriceTracker";
			};
			name = Debug;
		};
		A1C3DC00206AE45B00CC213C /* Release */ = {
			isa = XCBuildConfiguration;
			buildSettings = {
				ALWAYS_EMBED_SWIFT_STANDARD_LIBRARIES = YES;
				BUNDLE_LOADER = "$(TEST_HOST)";
				CODE_SIGN_STYLE = Automatic;
				INFOPLIST_FILE = PriceTrackerTests/Info.plist;
				LD_RUNPATH_SEARCH_PATHS = "$(inherited) @executable_path/Frameworks @loader_path/Frameworks";
				PRODUCT_BUNDLE_IDENTIFIER = "Emily-Hill.PriceTrackerTests";
				PRODUCT_NAME = "$(TARGET_NAME)";
				SWIFT_VERSION = 4.0;
				TARGETED_DEVICE_FAMILY = "1,2";
				TEST_HOST = "$(BUILT_PRODUCTS_DIR)/PriceTracker.app/PriceTracker";
			};
			name = Release;
		};
		A1C3DC02206AE45B00CC213C /* Debug */ = {
			isa = XCBuildConfiguration;
			buildSettings = {
				ALWAYS_EMBED_SWIFT_STANDARD_LIBRARIES = YES;
				CODE_SIGN_STYLE = Automatic;
				INFOPLIST_FILE = PriceTrackerUITests/Info.plist;
				LD_RUNPATH_SEARCH_PATHS = "$(inherited) @executable_path/Frameworks @loader_path/Frameworks";
				PRODUCT_BUNDLE_IDENTIFIER = "Emily-Hill.PriceTrackerUITests";
				PRODUCT_NAME = "$(TARGET_NAME)";
				SWIFT_VERSION = 4.0;
				TARGETED_DEVICE_FAMILY = "1,2";
				TEST_TARGET_NAME = PriceTracker;
			};
			name = Debug;
		};
		A1C3DC03206AE45B00CC213C /* Release */ = {
			isa = XCBuildConfiguration;
			buildSettings = {
				ALWAYS_EMBED_SWIFT_STANDARD_LIBRARIES = YES;
				CODE_SIGN_STYLE = Automatic;
				INFOPLIST_FILE = PriceTrackerUITests/Info.plist;
				LD_RUNPATH_SEARCH_PATHS = "$(inherited) @executable_path/Frameworks @loader_path/Frameworks";
				PRODUCT_BUNDLE_IDENTIFIER = "Emily-Hill.PriceTrackerUITests";
				PRODUCT_NAME = "$(TARGET_NAME)";
				SWIFT_VERSION = 4.0;
				TARGETED_DEVICE_FAMILY = "1,2";
				TEST_TARGET_NAME = PriceTracker;
			};
			name = Release;
		};
/* End XCBuildConfiguration section */

/* Begin XCConfigurationList section */
		A1C3DBCE206AE45A00CC213C /* Build configuration list for PBXProject "PriceTracker" */ = {
			isa = XCConfigurationList;
			buildConfigurations = (
				A1C3DBF9206AE45B00CC213C /* Debug */,
				A1C3DBFA206AE45B00CC213C /* Release */,
			);
			defaultConfigurationIsVisible = 0;
			defaultConfigurationName = Release;
		};
		A1C3DBFB206AE45B00CC213C /* Build configuration list for PBXNativeTarget "PriceTracker" */ = {
			isa = XCConfigurationList;
			buildConfigurations = (
				A1C3DBFC206AE45B00CC213C /* Debug */,
				A1C3DBFD206AE45B00CC213C /* Release */,
			);
			defaultConfigurationIsVisible = 0;
			defaultConfigurationName = Release;
		};
		A1C3DBFE206AE45B00CC213C /* Build configuration list for PBXNativeTarget "PriceTrackerTests" */ = {
			isa = XCConfigurationList;
			buildConfigurations = (
				A1C3DBFF206AE45B00CC213C /* Debug */,
				A1C3DC00206AE45B00CC213C /* Release */,
			);
			defaultConfigurationIsVisible = 0;
			defaultConfigurationName = Release;
		};
		A1C3DC01206AE45B00CC213C /* Build configuration list for PBXNativeTarget "PriceTrackerUITests" */ = {
			isa = XCConfigurationList;
			buildConfigurations = (
				A1C3DC02206AE45B00CC213C /* Debug */,
				A1C3DC03206AE45B00CC213C /* Release */,
			);
			defaultConfigurationIsVisible = 0;
			defaultConfigurationName = Release;
		};
/* End XCConfigurationList section */
	};
	rootObject = A1C3DBCB206AE45A00CC213C /* Project object */;
}
